
Microsoft Visual Studio Solution File, Format Version 12.00
# Visual Studio Version 16
VisualStudioVersion = 16.0.31702.278
MinimumVisualStudioVersion = 10.0.40219.1
Project("{FAE04EC0-301F-11D3-BF4B-00C04F79EFBC}") = "SeleniumTestingDemo", "SeleniumTestingDemo\SeleniumTestingDemo.csproj", "{E69C3FCA-155F-4977-96B7-DF3C12D390C2}"
EndProject
Global
	GlobalSection(SolutionConfigurationPlatforms) = preSolution
		Debug|Any CPU = Debug|Any CPU
		Release|Any CPU = Release|Any CPU
	EndGlobalSection
	GlobalSection(ProjectConfigurationPlatforms) = postSolution
		{E69C3FCA-155F-4977-96B7-DF3C12D390C2}.Debug|Any CPU.ActiveCfg = Debug|Any CPU
		{E69C3FCA-155F-4977-96B7-DF3C12D390C2}.Debug|Any CPU.Build.0 = Debug|Any CPU
		{E69C3FCA-155F-4977-96B7-DF3C12D390C2}.Release|Any CPU.ActiveCfg = Release|Any CPU
		{E69C3FCA-155F-4977-96B7-DF3C12D390C2}.Release|Any CPU.Build.0 = Release|Any CPU
	EndGlobalSection
	GlobalSection(SolutionProperties) = preSolution
		HideSolutionNode = FALSE
	EndGlobalSection
	GlobalSection(ExtensibilityGlobals) = postSolution
		SolutionGuid = {9F509C28-B6B7-42DB-9023-942DBA892FD5}
	EndGlobalSection
EndGlobal
